// !$*UTF8*$!
{
	archiveVersion = 1;
	classes = {
	};
	objectVersion = 77;
	objects = {

/* Begin PBXBuildFile section */
		2A3300F72A26A356BBF5DBBC /* GeregeShellKit in Frameworks */ = {isa = PBXBuildFile; productRef = A4BDE0480E7FAC5779318131 /* GeregeShellKit */; };
		53E6A17DDC7763F1CF1555AB /* GeregeShellUI in Frameworks */ = {isa = PBXBuildFile; productRef = 8B82310018D3C4DE6B3F5E82 /* GeregeShellUI */; };
		C893880CF22BECAF590E97CA /* Assets.xcassets in Resources */ = {isa = PBXBuildFile; fileRef = A2CAFBBCBBBE91C8ED75F080 /* Assets.xcassets */; };
		F2907D9410C70BB1F651EE59 /* GeregeNexusApp.swift in Sources */ = {isa = PBXBuildFile; fileRef = 6F66D7C86AECD3C7252CDF8A /* GeregeNexusApp.swift */; };
/* End PBXBuildFile section */

/* Begin PBXFileReference section */
		6F66D7C86AECD3C7252CDF8A /* GeregeNexusApp.swift */ = {isa = PBXFileReference; lastKnownFileType = sourcecode.swift; path = GeregeNexusApp.swift; sourceTree = "<group>"; };
		A2CAFBBCBBBE91C8ED75F080 /* Assets.xcassets */ = {isa = PBXFileReference; lastKnownFileType = folder.assetcatalog; path = Assets.xcassets; sourceTree = "<group>"; };
		EC36E039FD86202797D46B02 /* iOS */ = {isa = PBXFileReference; lastKnownFileType = folder; name = iOS; path = .; sourceTree = SOURCE_ROOT; };
		F13B18EE3117D5EFC3F7FF2F /* GeregeNexusIOS.app */ = {isa = PBXFileReference; includeInIndex = 0; lastKnownFileType = wrapper.application; path = GeregeNexusIOS.app; sourceTree = BUILT_PRODUCTS_DIR; };
/* End PBXFileReference section */

/* Begin PBXFrameworksBuildPhase section */
		9CB6E630462EFC36549CB59A /* Frameworks */ = {
			isa = PBXFrameworksBuildPhase;
			buildActionMask = 2147483647;
			files = (
				2A3300F72A26A356BBF5DBBC /* GeregeShellKit in Frameworks */,
				53E6A17DDC7763F1CF1555AB /* GeregeShellUI in Frameworks */,
			);
			runOnlyForDeploymentPostprocessing = 0;
		};
/* End PBXFrameworksBuildPhase section */

/* Begin PBXGroup section */
		01D0D03451DBDD72D7326AD2 = {
			isa = PBXGroup;
			children = (
				A2CAFBBCBBBE91C8ED75F080 /* Assets.xcassets */,
				A3F6A4BC1F7AADA2F719F68A /* Examples */,
				44884C3F40719D7543DC25F4 /* Packages */,
				BCF6B2014BB18C5AC2816004 /* Products */,
			);
			sourceTree = "<group>";
		};
		44884C3F40719D7543DC25F4 /* Packages */ = {
			isa = PBXGroup;
			children = (
				EC36E039FD86202797D46B02 /* iOS */,
			);
			name = Packages;
			sourceTree = "<group>";
		};
		A3F6A4BC1F7AADA2F719F68A /* Examples */ = {
			isa = PBXGroup;
			children = (
				6F66D7C86AECD3C7252CDF8A /* GeregeNexusApp.swift */,
			);
			path = Examples;
			sourceTree = "<group>";
		};
		BCF6B2014BB18C5AC2816004 /* Products */ = {
			isa = PBXGroup;
			children = (
				F13B18EE3117D5EFC3F7FF2F /* GeregeNexusIOS.app */,
			);
			name = Products;
			sourceTree = "<group>";
		};
/* End PBXGroup section */

/* Begin PBXNativeTarget section */
		3DCAAE49912C73D5F112EA09 /* GeregeNexusIOS */ = {
			isa = PBXNativeTarget;
			buildConfigurationList = C9E92248F943F056D7A2530F /* Build configuration list for PBXNativeTarget "GeregeNexusIOS" */;
			buildPhases = (
				C3BC2FC6574BA0629AFA5EDA /* Sources */,
				22B587A6C339B3FDD94D8CB5 /* Resources */,
				9CB6E630462EFC36549CB59A /* Frameworks */,
			);
			buildRules = (
			);
			dependencies = (
			);
			name = GeregeNexusIOS;
			packageProductDependencies = (
				A4BDE0480E7FAC5779318131 /* GeregeShellKit */,
				8B82310018D3C4DE6B3F5E82 /* GeregeShellUI */,
			);
			productName = GeregeNexusIOS;
			productReference = F13B18EE3117D5EFC3F7FF2F /* GeregeNexusIOS.app */;
			productType = "com.apple.product-type.application";
		};
/* End PBXNativeTarget section */

/* Begin PBXProject section */
		B8CCC64295AAB597FF167CC8 /* Project object */ = {
			isa = PBXProject;
			attributes = {
				BuildIndependentTargetsInParallel = YES;
				LastUpgradeCheck = 1600;
				TargetAttributes = {
					3DCAAE49912C73D5F112EA09 = {
						DevelopmentTeam = CQTHTD6YJQ;
						ProvisioningStyle = Automatic;
					};
				};
			};
			buildConfigurationList = 1037585E880489348A19E733 /* Build configuration list for PBXProject "GeregeNexusIOS" */;
			developmentRegion = en;
			hasScannedForEncodings = 0;
			knownRegions = (
				Base,
				en,
			);
			mainGroup = 01D0D03451DBDD72D7326AD2;
			minimizedProjectReferenceProxies = 1;
			packageReferences = (
				1FB18EA70A57A555541EAACE /* XCLocalSwiftPackageReference "." */,
			);
			preferredProjectObjectVersion = 77;
			productRefGroup = BCF6B2014BB18C5AC2816004 /* Products */;
			projectDirPath = "";
			projectRoot = "";
			targets = (
				3DCAAE49912C73D5F112EA09 /* GeregeNexusIOS */,
			);
		};
/* End PBXProject section */

/* Begin PBXResourcesBuildPhase section */
		22B587A6C339B3FDD94D8CB5 /* Resources */ = {
			isa = PBXResourcesBuildPhase;
			buildActionMask = 2147483647;
			files = (
				C893880CF22BECAF590E97CA /* Assets.xcassets in Resources */,
			);
			runOnlyForDeploymentPostprocessing = 0;
		};
/* End PBXResourcesBuildPhase section */

/* Begin PBXSourcesBuildPhase section */
		C3BC2FC6574BA0629AFA5EDA /* Sources */ = {
			isa = PBXSourcesBuildPhase;
			buildActionMask = 2147483647;
			files = (
				F2907D9410C70BB1F651EE59 /* GeregeNexusApp.swift in Sources */,
			);
			runOnlyForDeploymentPostprocessing = 0;
		};
/* End PBXSourcesBuildPhase section */

/* Begin XCBuildConfiguration section */
		383FBF56621B2CE02BA61FED /* Release */ = {
			isa = XCBuildConfiguration;
			buildSettings = {
				ASSETCATALOG_COMPILER_APPICON_NAME = AppIcon;
				CODE_SIGN_ENTITLEMENTS = GeregeNexusIOS.entitlements;
				CODE_SIGN_IDENTITY = "iPhone Developer";
				CODE_SIGN_STYLE = Automatic;
				DEVELOPMENT_TEAM = CQTHTD6YJQ;
				INFOPLIST_FILE = "GeregeNexusIOS-Info.plist";
				INFOPLIST_KEY_CFBundleDisplayName = "Gerege Nexus";
				INFOPLIST_KEY_LSApplicationCategoryType = "public.app-category.business";
				INFOPLIST_KEY_NSFaceIDUsageDescription = "Gerege Nexus session-ийг аюулгүй нээхийн тулд Face ID ашиглана.";
				INFOPLIST_KEY_UIApplicationSupportsIndirectInputEvents = YES;
				INFOPLIST_KEY_UILaunchScreen_Generation = YES;
				LD_RUNPATH_SEARCH_PATHS = (
					"$(inherited)",
					"@executable_path/Frameworks",
				);
				PRODUCT_BUNDLE_IDENTIFIER = mn.gerege.nexus.ios;
				PRODUCT_NAME = "Gerege Nexus";
				SDKROOT = iphoneos;
				SUPPORTS_MACCATALYST = NO;
				TARGETED_DEVICE_FAMILY = "1,2";
			};
			name = Release;
		};
		96C810B6AFCE05E011B9D806 /* Release */ = {
			isa = XCBuildConfiguration;
			buildSettings = {
				ALWAYS_SEARCH_USER_PATHS = NO;
				CLANG_ANALYZER_NONNULL = YES;
				CLANG_ANALYZER_NUMBER_OBJECT_CONVERSION = YES_AGGRESSIVE;
				CLANG_CXX_LANGUAGE_STANDARD = "gnu++14";
				CLANG_CXX_LIBRARY = "libc++";
				CLANG_ENABLE_MODULES = YES;
				CLANG_ENABLE_OBJC_ARC = YES;
				CLANG_ENABLE_OBJC_WEAK = YES;
				CLANG_WARN_BLOCK_CAPTURE_AUTORELEASING = YES;
				CLANG_WARN_BOOL_CONVERSION = YES;
				CLANG_WARN_COMMA = YES;
				CLANG_WARN_CONSTANT_CONVERSION = YES;
				CLANG_WARN_DEPRECATED_OBJC_IMPLEMENTATIONS = YES;
				CLANG_WARN_DIRECT_OBJC_ISA_USAGE = YES_ERROR;
				CLANG_WARN_DOCUMENTATION_COMMENTS = YES;
				CLANG_WARN_EMPTY_BODY = YES;
				CLANG_WARN_ENUM_CONVERSION = YES;
				CLANG_WARN_INFINITE_RECURSION = YES;
				CLANG_WARN_INT_CONVERSION = YES;
				CLANG_WARN_NON_LITERAL_NULL_CONVERSION = YES;
				CLANG_WARN_OBJC_IMPLICIT_RETAIN_SELF = YES;
				CLANG_WARN_OBJC_LITERAL_CONVERSION = YES;
				CLANG_WARN_OBJC_ROOT_CLASS = YES_ERROR;
				CLANG_WARN_QUOTED_INCLUDE_IN_FRAMEWORK_HEADER = YES;
				CLANG_WARN_RANGE_LOOP_ANALYSIS = YES;
				CLANG_WARN_STRICT_PROTOTYPES = YES;
				CLANG_WARN_SUSPICIOUS_MOVE = YES;
				CLANG_WARN_UNGUARDED_AVAILABILITY = YES_AGGRESSIVE;
				CLANG_WARN_UNREACHABLE_CODE = YES;
				CLANG_WARN__DUPLICATE_METHOD_MATCH = YES;
				COPY_PHASE_STRIP = NO;
				CURRENT_PROJECT_VERSION = 1;
				DEBUG_INFORMATION_FORMAT = "dwarf-with-dsym";
				ENABLE_NS_ASSERTIONS = NO;
				ENABLE_STRICT_OBJC_MSGSEND = YES;
				GCC_C_LANGUAGE_STANDARD = gnu11;
				GCC_NO_COMMON_BLOCKS = YES;
				GCC_WARN_64_TO_32_BIT_CONVERSION = YES;
				GCC_WARN_ABOUT_RETURN_TYPE = YES_ERROR;
				GCC_WARN_UNDECLARED_SELECTOR = YES;
				GCC_WARN_UNINITIALIZED_AUTOS = YES_AGGRESSIVE;
				GCC_WARN_UNUSED_FUNCTION = YES;
				GCC_WARN_UNUSED_VARIABLE = YES;
				IPHONEOS_DEPLOYMENT_TARGET = 16.0;
				MARKETING_VERSION = 1.0.0;
				MTL_ENABLE_DEBUG_INFO = NO;
				MTL_FAST_MATH = YES;
				PRODUCT_NAME = "$(TARGET_NAME)";
				SDKROOT = iphoneos;
				SWIFT_COMPILATION_MODE = wholemodule;
				SWIFT_OPTIMIZATION_LEVEL = "-O";
				SWIFT_VERSION = 6.0;
			};
			name = Release;
		};
		AEC343C5386176FC4CEB5EE6 /* Debug */ = {
			isa = XCBuildConfiguration;
			buildSettings = {
				ASSETCATALOG_COMPILER_APPICON_NAME = AppIcon;
				CODE_SIGN_ENTITLEMENTS = GeregeNexusIOS.entitlements;
				CODE_SIGN_IDENTITY = "iPhone Developer";
				CODE_SIGN_STYLE = Automatic;
				DEVELOPMENT_TEAM = CQTHTD6YJQ;
				INFOPLIST_FILE = "GeregeNexusIOS-Info.plist";
				INFOPLIST_KEY_CFBundleDisplayName = "Gerege Nexus";
				INFOPLIST_KEY_LSApplicationCategoryType = "public.app-category.business";
				INFOPLIST_KEY_NSFaceIDUsageDescription = "Gerege Nexus session-ийг аюулгүй нээхийн тулд Face ID ашиглана.";
				INFOPLIST_KEY_UIApplicationSupportsIndirectInputEvents = YES;
				INFOPLIST_KEY_UILaunchScreen_Generation = YES;
				LD_RUNPATH_SEARCH_PATHS = (
					"$(inherited)",
					"@executable_path/Frameworks",
				);
				PRODUCT_BUNDLE_IDENTIFIER = mn.gerege.nexus.ios;
				PRODUCT_NAME = "Gerege Nexus";
				SDKROOT = iphoneos;
				SUPPORTS_MACCATALYST = NO;
				TARGETED_DEVICE_FAMILY = "1,2";
			};
			name = Debug;
		};
		F7013BBBC55874EBE5F41BB9 /* Debug */ = {
			isa = XCBuildConfiguration;
			buildSettings = {
				ALWAYS_SEARCH_USER_PATHS = NO;
				CLANG_ANALYZER_NONNULL = YES;
				CLANG_ANALYZER_NUMBER_OBJECT_CONVERSION = YES_AGGRESSIVE;
				CLANG_CXX_LANGUAGE_STANDARD = "gnu++14";
				CLANG_CXX_LIBRARY = "libc++";
				CLANG_ENABLE_MODULES = YES;
				CLANG_ENABLE_OBJC_ARC = YES;
				CLANG_ENABLE_OBJC_WEAK = YES;
				CLANG_WARN_BLOCK_CAPTURE_AUTORELEASING = YES;
				CLANG_WARN_BOOL_CONVERSION = YES;
				CLANG_WARN_COMMA = YES;
				CLANG_WARN_CONSTANT_CONVERSION = YES;
				CLANG_WARN_DEPRECATED_OBJC_IMPLEMENTATIONS = YES;
				CLANG_WARN_DIRECT_OBJC_ISA_USAGE = YES_ERROR;
				CLANG_WARN_DOCUMENTATION_COMMENTS = YES;
				CLANG_WARN_EMPTY_BODY = YES;
				CLANG_WARN_ENUM_CONVERSION = YES;
				CLANG_WARN_INFINITE_RECURSION = YES;
				CLANG_WARN_INT_CONVERSION = YES;
				CLANG_WARN_NON_LITERAL_NULL_CONVERSION = YES;
				CLANG_WARN_OBJC_IMPLICIT_RETAIN_SELF = YES;
				CLANG_WARN_OBJC_LITERAL_CONVERSION = YES;
				CLANG_WARN_OBJC_ROOT_CLASS = YES_ERROR;
				CLANG_WARN_QUOTED_INCLUDE_IN_FRAMEWORK_HEADER = YES;
				CLANG_WARN_RANGE_LOOP_ANALYSIS = YES;
				CLANG_WARN_STRICT_PROTOTYPES = YES;
				CLANG_WARN_SUSPICIOUS_MOVE = YES;
				CLANG_WARN_UNGUARDED_AVAILABILITY = YES_AGGRESSIVE;
				CLANG_WARN_UNREACHABLE_CODE = YES;
				CLANG_WARN__DUPLICATE_METHOD_MATCH = YES;
				COPY_PHASE_STRIP = NO;
				CURRENT_PROJECT_VERSION = 1;
				DEBUG_INFORMATION_FORMAT = dwarf;
				ENABLE_STRICT_OBJC_MSGSEND = YES;
				ENABLE_TESTABILITY = YES;
				GCC_C_LANGUAGE_STANDARD = gnu11;
				GCC_DYNAMIC_NO_PIC = NO;
				GCC_NO_COMMON_BLOCKS = YES;
				GCC_OPTIMIZATION_LEVEL = 0;
				GCC_PREPROCESSOR_DEFINITIONS = (
					"$(inherited)",
					"DEBUG=1",
				);
				GCC_WARN_64_TO_32_BIT_CONVERSION = YES;
				GCC_WARN_ABOUT_RETURN_TYPE = YES_ERROR;
				GCC_WARN_UNDECLARED_SELECTOR = YES;
				GCC_WARN_UNINITIALIZED_AUTOS = YES_AGGRESSIVE;
				GCC_WARN_UNUSED_FUNCTION = YES;
				GCC_WARN_UNUSED_VARIABLE = YES;
				IPHONEOS_DEPLOYMENT_TARGET = 16.0;
				MARKETING_VERSION = 1.0.0;
				MTL_ENABLE_DEBUG_INFO = INCLUDE_SOURCE;
				MTL_FAST_MATH = YES;
				ONLY_ACTIVE_ARCH = YES;
				PRODUCT_NAME = "$(TARGET_NAME)";
				SDKROOT = iphoneos;
				SWIFT_ACTIVE_COMPILATION_CONDITIONS = DEBUG;
				SWIFT_OPTIMIZATION_LEVEL = "-Onone";
				SWIFT_VERSION = 6.0;
			};
			name = Debug;
		};
/* End XCBuildConfiguration section */

/* Begin XCConfigurationList section */
		1037585E880489348A19E733 /* Build configuration list for PBXProject "GeregeNexusIOS" */ = {
			isa = XCConfigurationList;
			buildConfigurations = (
				F7013BBBC55874EBE5F41BB9 /* Debug */,
				96C810B6AFCE05E011B9D806 /* Release */,
			);
			defaultConfigurationIsVisible = 0;
			defaultConfigurationName = Debug;
		};
		C9E92248F943F056D7A2530F /* Build configuration list for PBXNativeTarget "GeregeNexusIOS" */ = {
			isa = XCConfigurationList;
			buildConfigurations = (
				AEC343C5386176FC4CEB5EE6 /* Debug */,
				383FBF56621B2CE02BA61FED /* Release */,
			);
			defaultConfigurationIsVisible = 0;
			defaultConfigurationName = Debug;
		};
/* End XCConfigurationList section */

/* Begin XCLocalSwiftPackageReference section */
		1FB18EA70A57A555541EAACE /* XCLocalSwiftPackageReference "." */ = {
			isa = XCLocalSwiftPackageReference;
			relativePath = .;
		};
/* End XCLocalSwiftPackageReference section */

/* Begin XCSwiftPackageProductDependency section */
		8B82310018D3C4DE6B3F5E82 /* GeregeShellUI */ = {
			isa = XCSwiftPackageProductDependency;
			productName = GeregeShellUI;
		};
		A4BDE0480E7FAC5779318131 /* GeregeShellKit */ = {
			isa = XCSwiftPackageProductDependency;
			productName = GeregeShellKit;
		};
/* End XCSwiftPackageProductDependency section */
	};
	rootObject = B8CCC64295AAB597FF167CC8 /* Project object */;
}
