Microsoft Visual Studio Solution File, Format Version 12.00
# Visual Studio Version 17
VisualStudioVersion = 17.8.34330.188
MinimumVisualStudioVersion = 10.0.40219.1
Project("{FAE04EC0-301F-11D3-BF4B-00C04F79EFBC}") = "GeregeNexusWin", "GeregeNexusWin.csproj", "{9A19B0A3-E3FA-44D1-9F1B-30E82D5AE871}"
EndProject
Project("{FAE04EC0-301F-11D3-BF4B-00C04F79EFBC}") = "GeregeShell.Core", "GeregeShell.Core\GeregeShell.Core.csproj", "{6FBD6289-C556-40B2-B840-763E0F06B96E}"
EndProject
Global
	GlobalSection(SolutionConfigurationPlatforms) = preSolution
		Debug|Any CPU = Debug|Any CPU
		Release|Any CPU = Release|Any CPU
	EndGlobalSection
	GlobalSection(ProjectConfigurationPlatforms) = postSolution
		{9A19B0A3-E3FA-44D1-9F1B-30E82D5AE871}.Debug|Any CPU.ActiveCfg = Debug|Any CPU
		{9A19B0A3-E3FA-44D1-9F1B-30E82D5AE871}.Debug|Any CPU.Build.0 = Debug|Any CPU
		{9A19B0A3-E3FA-44D1-9F1B-30E82D5AE871}.Release|Any CPU.ActiveCfg = Release|Any CPU
		{9A19B0A3-E3FA-44D1-9F1B-30E82D5AE871}.Release|Any CPU.Build.0 = Release|Any CPU
		{6FBD6289-C556-40B2-B840-763E0F06B96E}.Debug|Any CPU.ActiveCfg = Debug|Any CPU
		{6FBD6289-C556-40B2-B840-763E0F06B96E}.Debug|Any CPU.Build.0 = Debug|Any CPU
		{6FBD6289-C556-40B2-B840-763E0F06B96E}.Release|Any CPU.ActiveCfg = Release|Any CPU
		{6FBD6289-C556-40B2-B840-763E0F06B96E}.Release|Any CPU.Build.0 = Release|Any CPU
	EndGlobalSection
	GlobalSection(SolutionProperties) = preSolution
		HideSolutionNode = FALSE
	EndGlobalSection
	GlobalSection(ExtensibilityGlobals) = postSolution
		SolutionGuid = {8D110729-0486-CEB8-00E4-17A508D11072}
	EndGlobalSection
EndGlobal
