// !$*UTF8*$!
{
	archiveVersion = 1;
	classes = {
	};
	objectVersion = 56;
	objects = {

/* Begin PBXBuildFile section */
		8D1107500486CEB800E417A5 /* main.swift in Sources */ = {isa = PBXBuildFile; fileRef = 8D1107400486CEB800E417A5 /* main.swift */; };
		8D11075B0486CEB800E417A5 /* DesignSystem.swift in Sources */ = {isa = PBXBuildFile; fileRef = 8D11074B0486CEB800E417A5 /* DesignSystem.swift */; };
		8D1107510486CEB800E417A5 /* AppDelegate.swift in Sources */ = {isa = PBXBuildFile; fileRef = 8D1107410486CEB800E417A5 /* AppDelegate.swift */; };
		8D1107520486CEB800E417A5 /* MainWindowController.swift in Sources */ = {isa = PBXBuildFile; fileRef = 8D1107420486CEB800E417A5 /* MainWindowController.swift */; };
		8D1107530486CEB800E417A5 /* NativeIPC.swift in Sources */ = {isa = PBXBuildFile; fileRef = 8D1107430486CEB800E417A5 /* NativeIPC.swift */; };
		8D1107560486CEB800E417A5 /* NativeAuth.swift in Sources */ = {isa = PBXBuildFile; fileRef = 8D1107460486CEB800E417A5 /* NativeAuth.swift */; };
		8D1107570486CEB800E417A5 /* NativeLoginViewController.swift in Sources */ = {isa = PBXBuildFile; fileRef = 8D1107470486CEB800E417A5 /* NativeLoginViewController.swift */; };
		8D1107580486CEB800E417A5 /* NativeSettings.swift in Sources */ = {isa = PBXBuildFile; fileRef = 8D1107480486CEB800E417A5 /* NativeSettings.swift */; };
		8D1107590486CEB800E417A5 /* DeviceEnrollment.swift in Sources */ = {isa = PBXBuildFile; fileRef = 8D1107490486CEB800E417A5 /* DeviceEnrollment.swift */; };
		8D11075A0486CEB800E417A5 /* SettingsPaneViewController.swift in Sources */ = {isa = PBXBuildFile; fileRef = 8D11074A0486CEB800E417A5 /* SettingsPaneViewController.swift */; };
		8D1107540486CEB800E417A5 /* AppKit.framework in Frameworks */ = {isa = PBXBuildFile; fileRef = 8D1107440486CEB800E417A5 /* AppKit.framework */; };
		8D1107550486CEB800E417A5 /* WebKit.framework in Frameworks */ = {isa = PBXBuildFile; fileRef = 8D1107450486CEB800E417A5 /* WebKit.framework */; };
/* End PBXBuildFile section */

/* Begin PBXFileReference section */
		8D11073B0486CEB800E417A5 /* GeregeNexusNativeMac.app */ = {isa = PBXFileReference; explicitFileType = wrapper.application; includeInIndex = 0; path = GeregeNexusNativeMac.app; sourceTree = BUILT_PRODUCTS_DIR; };
		8D1107400486CEB800E417A5 /* main.swift */ = {isa = PBXFileReference; lastKnownFileType = sourcecode.swift; path = main.swift; sourceTree = "<group>"; };
		8D11074B0486CEB800E417A5 /* DesignSystem.swift */ = {isa = PBXFileReference; lastKnownFileType = sourcecode.swift; path = DesignSystem.swift; sourceTree = "<group>"; };
		8D1107410486CEB800E417A5 /* AppDelegate.swift */ = {isa = PBXFileReference; lastKnownFileType = sourcecode.swift; path = AppDelegate.swift; sourceTree = "<group>"; };
		8D1107420486CEB800E417A5 /* MainWindowController.swift */ = {isa = PBXFileReference; lastKnownFileType = sourcecode.swift; path = MainWindowController.swift; sourceTree = "<group>"; };
		8D1107430486CEB800E417A5 /* NativeIPC.swift */ = {isa = PBXFileReference; lastKnownFileType = sourcecode.swift; path = NativeIPC.swift; sourceTree = "<group>"; };
		8D1107460486CEB800E417A5 /* NativeAuth.swift */ = {isa = PBXFileReference; lastKnownFileType = sourcecode.swift; path = NativeAuth.swift; sourceTree = "<group>"; };
		8D1107470486CEB800E417A5 /* NativeLoginViewController.swift */ = {isa = PBXFileReference; lastKnownFileType = sourcecode.swift; path = NativeLoginViewController.swift; sourceTree = "<group>"; };
		8D1107480486CEB800E417A5 /* NativeSettings.swift */ = {isa = PBXFileReference; lastKnownFileType = sourcecode.swift; path = NativeSettings.swift; sourceTree = "<group>"; };
		8D1107490486CEB800E417A5 /* DeviceEnrollment.swift */ = {isa = PBXFileReference; lastKnownFileType = sourcecode.swift; path = DeviceEnrollment.swift; sourceTree = "<group>"; };
		8D11074A0486CEB800E417A5 /* SettingsPaneViewController.swift */ = {isa = PBXFileReference; lastKnownFileType = sourcecode.swift; path = SettingsPaneViewController.swift; sourceTree = "<group>"; };
		8D1107440486CEB800E417A5 /* AppKit.framework */ = {isa = PBXFileReference; lastKnownFileType = wrapper.framework; name = AppKit.framework; path = System/Library/Frameworks/AppKit.framework; sourceTree = SDKROOT; };
		8D1107450486CEB800E417A5 /* WebKit.framework */ = {isa = PBXFileReference; lastKnownFileType = wrapper.framework; name = WebKit.framework; path = System/Library/Frameworks/WebKit.framework; sourceTree = SDKROOT; };
/* End PBXFileReference section */

/* Begin PBXFrameworksBuildPhase section */
		8D1107310486CEB800E417A5 /* Frameworks */ = {
			isa = PBXFrameworksBuildPhase;
			buildActionMask = 2147483647;
			files = (
				8D1107540486CEB800E417A5 /* AppKit.framework in Frameworks */,
				8D1107550486CEB800E417A5 /* WebKit.framework in Frameworks */,
			);
			runOnlyForDeploymentPostprocessing = 0;
		};
/* End PBXFrameworksBuildPhase section */

/* Begin PBXGroup section */
		080E96DDFE201D6D72CA0C99 = {
			isa = PBXGroup;
			children = (
				8D11072D0486CEB800E417A5 /* . */,
				1058C7ACFEA557BF11CA2CBB /* Frameworks */,
				8D11073B0486CEB800E417A5 /* GeregeNexusNativeMac.app */,
			);
			sourceTree = "<group>";
		};
		1058C7ACFEA557BF11CA2CBB /* Frameworks */ = {
			isa = PBXGroup;
			children = (
				8D1107440486CEB800E417A5 /* AppKit.framework */,
				8D1107450486CEB800E417A5 /* WebKit.framework */,
			);
			name = Frameworks;
			sourceTree = "<group>";
		};
		8D11072D0486CEB800E417A5 /* . */ = {
			isa = PBXGroup;
			children = (
				8D1107400486CEB800E417A5 /* main.swift */,
				8D1107410486CEB800E417A5 /* AppDelegate.swift */,
				8D11074B0486CEB800E417A5 /* DesignSystem.swift */,
				8D1107420486CEB800E417A5 /* MainWindowController.swift */,
				8D1107430486CEB800E417A5 /* NativeIPC.swift */,
				8D1107460486CEB800E417A5 /* NativeAuth.swift */,
				8D1107470486CEB800E417A5 /* NativeLoginViewController.swift */,
				8D1107480486CEB800E417A5 /* NativeSettings.swift */,
				8D1107490486CEB800E417A5 /* DeviceEnrollment.swift */,
				8D11074A0486CEB800E417A5 /* SettingsPaneViewController.swift */,
			);
			path = .;
			sourceTree = "<group>";
		};
/* End PBXGroup section */

/* Begin PBXNativeTarget section */
		8D1107320486CEB800E417A5 /* GeregeNexusNativeMac */ = {
			isa = PBXNativeTarget;
			buildConfigurationList = 8D1107330486CEB800E417A5 /* Build configuration list for PBXNativeTarget "GeregeNexusNativeMac" */;
			buildPhases = (
				8D1107300486CEB800E417A5 /* Sources */,
				8D1107310486CEB800E417A5 /* Frameworks */,
			);
			buildRules = (
			);
			dependencies = (
			);
			name = GeregeNexusNativeMac;
			productName = GeregeNexusNativeMac;
			productReference = 8D11073B0486CEB800E417A5 /* GeregeNexusNativeMac.app */;
			productType = "com.apple.product-type.application";
		};
/* End PBXNativeTarget section */

/* Begin PBXProject section */
		8D1107290486CEB800E417A5 /* Project object */ = {
			isa = PBXProject;
			attributes = {
				BuildIndependentTargetsInParallel = YES;
				LastSwiftUpdateCheck = 1540;
				LastUpgradeCheck = 1540;
				TargetAttributes = {
					8D1107320486CEB800E417A5 = {
						CreatedOnToolsVersion = 15.4;
					};
				};
			};
			buildConfigurationList = 8D11072B0486CEB800E417A5 /* Build configuration list for PBXProject "GeregeNexusNativeMac" */;
			compatibilityVersion = "Xcode 14.0";
			developmentRegion = en;
			hasScannedForEncodings = 0;
			knownRegions = (
				en,
				Base,
			);
			mainGroup = 080E96DDFE201D6D72CA0C99;
			productRefGroup = 080E96DDFE201D6D72CA0C99;
			projectDirPath = "";
			projectRoot = "";
			targets = (
				8D1107320486CEB800E417A5 /* GeregeNexusNativeMac */,
			);
		};
/* End PBXProject section */

/* Begin PBXSourcesBuildPhase section */
		8D1107300486CEB800E417A5 /* Sources */ = {
			isa = PBXSourcesBuildPhase;
			buildActionMask = 2147483647;
			files = (
				8D1107500486CEB800E417A5 /* main.swift in Sources */,
				8D1107510486CEB800E417A5 /* AppDelegate.swift in Sources */,
				8D11075B0486CEB800E417A5 /* DesignSystem.swift in Sources */,
				8D1107520486CEB800E417A5 /* MainWindowController.swift in Sources */,
				8D1107530486CEB800E417A5 /* NativeIPC.swift in Sources */,
				8D1107560486CEB800E417A5 /* NativeAuth.swift in Sources */,
				8D1107570486CEB800E417A5 /* NativeLoginViewController.swift in Sources */,
				8D1107580486CEB800E417A5 /* NativeSettings.swift in Sources */,
				8D1107590486CEB800E417A5 /* DeviceEnrollment.swift in Sources */,
				8D11075A0486CEB800E417A5 /* SettingsPaneViewController.swift in Sources */,
			);
			runOnlyForDeploymentPostprocessing = 0;
		};
/* End PBXSourcesBuildPhase section */

/* Begin XCBuildConfiguration section */
		8D1107340486CEB800E417A5 /* Debug */ = {
			isa = XCBuildConfiguration;
			buildSettings = {
				ALWAYS_SEARCH_USER_PATHS = NO;
				CLANG_ANALYZER_NONNULL = YES;
				CLANG_CXX_LANGUAGE_STANDARD = "gnu++20";
				CLANG_ENABLE_MODULES = YES;
				CLANG_ENABLE_OBJC_ARC = YES;
				COPY_PHASE_STRIP = NO;
				DEBUG_INFORMATION_FORMAT = dwarf;
				ENABLE_STRICT_OBJC_PROTOS = YES;
				ENABLE_TESTABILITY = YES;
				GCC_C_LANGUAGE_STANDARD = gnu11;
				GCC_DYNAMIC_NO_PIC = NO;
				GCC_NO_COMMON_BLOCKS = YES;
				GCC_OPTIMIZATION_LEVEL = 0;
				GCC_PREPROCESSOR_DEFINITIONS = (
					"DEBUG=1",
					"$(inherited)",
				);
				MACOSX_DEPLOYMENT_TARGET = 12.0;
				MTL_ENABLE_DEBUG_INFO = INCLUDE_SOURCE;
				MTL_FAST_MATH = YES;
				ONLY_ACTIVE_ARCH = YES;
				SDKROOT = macosx;
				SWIFT_ACTIVE_COMPILATION_CONDITIONS = DEBUG;
				SWIFT_OPTIMIZATION_LEVEL = "-Onone";
			};
			name = Debug;
		};
		8D1107350486CEB800E417A5 /* Release */ = {
			isa = XCBuildConfiguration;
			buildSettings = {
				ALWAYS_SEARCH_USER_PATHS = NO;
				CLANG_ANALYZER_NONNULL = YES;
				CLANG_CXX_LANGUAGE_STANDARD = "gnu++20";
				CLANG_ENABLE_MODULES = YES;
				CLANG_ENABLE_OBJC_ARC = YES;
				COPY_PHASE_STRIP = NO;
				DEBUG_INFORMATION_FORMAT = "dwarf-with-dsym";
				ENABLE_NS_ASSERTIONS = NO;
				ENABLE_STRICT_OBJC_PROTOS = YES;
				GCC_C_LANGUAGE_STANDARD = gnu11;
				GCC_NO_COMMON_BLOCKS = YES;
				MACOSX_DEPLOYMENT_TARGET = 12.0;
				MTL_FAST_MATH = YES;
				SDKROOT = macosx;
				SWIFT_COMPILATION_MODE = wholemodule;
				SWIFT_OPTIMIZATION_LEVEL = "-O";
			};
			name = Release;
		};
		8D1107360486CEB800E417A5 /* Debug */ = {
			isa = XCBuildConfiguration;
			buildSettings = {
				CODE_SIGN_IDENTITY = "-";
				COMBINE_HIDPI_IMAGES = YES;
				GENERATE_INFOPLIST_FILE = YES;
				INFOPLIST_FILE = Info.plist;
				INFOPLIST_KEY_CFBundleDisplayName = "Gerege Nexus";
				PRODUCT_BUNDLE_IDENTIFIER = mn.gerege.nexus.desktop;
				PRODUCT_NAME = "Gerege Nexus";
				SWIFT_VERSION = 5.0;
			};
			name = Debug;
		};
		8D1107370486CEB800E417A5 /* Release */ = {
			isa = XCBuildConfiguration;
			buildSettings = {
				CODE_SIGN_IDENTITY = "-";
				COMBINE_HIDPI_IMAGES = YES;
				GENERATE_INFOPLIST_FILE = YES;
				INFOPLIST_FILE = Info.plist;
				INFOPLIST_KEY_CFBundleDisplayName = "Gerege Nexus";
				PRODUCT_BUNDLE_IDENTIFIER = mn.gerege.nexus.desktop;
				PRODUCT_NAME = "Gerege Nexus";
				SWIFT_VERSION = 5.0;
			};
			name = Release;
		};
/* End XCBuildConfiguration section */

/* Begin XCConfigurationList section */
		8D11072B0486CEB800E417A5 /* Build configuration list for PBXProject "GeregeNexusNativeMac" */ = {
			isa = XCConfigurationList;
			buildConfigurations = (
				8D1107340486CEB800E417A5 /* Debug */,
				8D1107350486CEB800E417A5 /* Release */,
			);
			defaultConfigurationIsVisible = 0;
			defaultConfigurationName = Release;
		};
		8D1107330486CEB800E417A5 /* Build configuration list for PBXNativeTarget "GeregeNexusNativeMac" */ = {
			isa = XCConfigurationList;
			buildConfigurations = (
				8D1107360486CEB800E417A5 /* Debug */,
				8D1107370486CEB800E417A5 /* Release */,
			);
			defaultConfigurationIsVisible = 0;
			defaultConfigurationName = Release;
		};
/* End XCConfigurationList section */
	};
	rootObject = 8D1107290486CEB800E417A5 /* Project object */;
}
